// !$*UTF8*$!
{
	archiveVersion = 1;
	classes = {
	};
	objectVersion = 50;
	objects = {

/* Begin PBXBuildFile section */
		6A314ABF2118758D008B6A97 /* CoreMotionService.swift in Sources */ = {isa = PBXBuildFile; fileRef = 6A314ABE2118758D008B6A97 /* CoreMotionService.swift */; };
		6A714CC32118929A00546FAA /* AnimationConstants.swift in Sources */ = {isa = PBXBuildFile; fileRef = 6A714CC22118929A00546FAA /* AnimationConstants.swift */; };
		6A8FD6B521186EA100F7260B /* GameConstants.swift in Sources */ = {isa = PBXBuildFile; fileRef = 6A8FD6B421186EA100F7260B /* GameConstants.swift */; };
		6A9656652114CAE800DEB22C /* Spaceship.swift in Sources */ = {isa = PBXBuildFile; fileRef = 6A9656642114CAE800DEB22C /* Spaceship.swift */; };
		6A9D4A4E2114801200DCF691 /* AppDelegate.swift in Sources */ = {isa = PBXBuildFile; fileRef = 6A9D4A4D2114801200DCF691 /* AppDelegate.swift */; };
		6A9D4A502114801300DCF691 /* art.scnassets in Resources */ = {isa = PBXBuildFile; fileRef = 6A9D4A4F2114801300DCF691 /* art.scnassets */; };
		6A9D4A522114801300DCF691 /* GameViewController.swift in Sources */ = {isa = PBXBuildFile; fileRef = 6A9D4A512114801300DCF691 /* GameViewController.swift */; };
		6A9D4A552114801300DCF691 /* Main.storyboard in Resources */ = {isa = PBXBuildFile; fileRef = 6A9D4A532114801300DCF691 /* Main.storyboard */; };
		6A9D4A572114801500DCF691 /* Assets.xcassets in Resources */ = {isa = PBXBuildFile; fileRef = 6A9D4A562114801500DCF691 /* Assets.xcassets */; };
		6A9D4A5A2114801500DCF691 /* LaunchScreen.storyboard in Resources */ = {isa = PBXBuildFile; fileRef = 6A9D4A582114801500DCF691 /* LaunchScreen.storyboard */; };
		6A9D4A622114808B00DCF691 /* GameScene.scn in Resources */ = {isa = PBXBuildFile; fileRef = 6A9D4A612114808B00DCF691 /* GameScene.scn */; };
		6AB59E732119D2C900B0F4A9 /* QuaternionExtension.swift in Sources */ = {isa = PBXBuildFile; fileRef = 6AB59E722119D2C900B0F4A9 /* QuaternionExtension.swift */; };
		6AB6A314211C6A2900EAF823 /* BulletNode.swift in Sources */ = {isa = PBXBuildFile; fileRef = 6AB6A313211C6A2900EAF823 /* BulletNode.swift */; };
		6AB6A316211C6CB200EAF823 /* CollisionConstants.swift in Sources */ = {isa = PBXBuildFile; fileRef = 6AB6A315211C6CB200EAF823 /* CollisionConstants.swift */; };
		6AC0574E211B231A0043CE6E /* MultipeerConnectivityService.swift in Sources */ = {isa = PBXBuildFile; fileRef = 6AC0574C211B231A0043CE6E /* MultipeerConnectivityService.swift */; };
		6AC0574F211B231A0043CE6E /* ScenarioService.swift in Sources */ = {isa = PBXBuildFile; fileRef = 6AC0574D211B231A0043CE6E /* ScenarioService.swift */; };
		6AC05751211B23270043CE6E /* ShipViewController.swift in Sources */ = {isa = PBXBuildFile; fileRef = 6AC05750211B23270043CE6E /* ShipViewController.swift */; };
		6AC05753211B23990043CE6E /* DoubleExtensions.swift in Sources */ = {isa = PBXBuildFile; fileRef = 6AC05752211B23990043CE6E /* DoubleExtensions.swift */; };
		B018F1BF21220FBD00AE086F /* StartScene.scn in Resources */ = {isa = PBXBuildFile; fileRef = B018F1BE21220FBD00AE086F /* StartScene.scn */; };
		B018F1C1212214D800AE086F /* StartScene.swift in Sources */ = {isa = PBXBuildFile; fileRef = B018F1C0212214D800AE086F /* StartScene.swift */; };
		B018F1C321221DCF00AE086F /* SKCheckBoxButton.swift in Sources */ = {isa = PBXBuildFile; fileRef = B018F1C221221DCF00AE086F /* SKCheckBoxButton.swift */; };
		B018F1C52122241800AE086F /* BaseOverlay.swift in Sources */ = {isa = PBXBuildFile; fileRef = B018F1C42122241800AE086F /* BaseOverlay.swift */; };
		B018F1C72122277A00AE086F /* SKButton.swift in Sources */ = {isa = PBXBuildFile; fileRef = B018F1C62122277A00AE086F /* SKButton.swift */; };
		B018F1C921226BBE00AE086F /* StartOverlay.swift in Sources */ = {isa = PBXBuildFile; fileRef = B018F1C821226BBE00AE086F /* StartOverlay.swift */; };
		B03D94C6211FDBAF0018A8EB /* StartOverlay.sks in Resources */ = {isa = PBXBuildFile; fileRef = B03D94C5211FDBAF0018A8EB /* StartOverlay.sks */; };
		B03D94CA2120B37F0018A8EB /* LobbyOverlay.sks in Resources */ = {isa = PBXBuildFile; fileRef = B03D94C92120B37F0018A8EB /* LobbyOverlay.sks */; };
		B04747F9212115AE00F46CFE /* HUDOverlay.sks in Resources */ = {isa = PBXBuildFile; fileRef = B04747F8212115AE00F46CFE /* HUDOverlay.sks */; };
		B04747FB2121166800F46CFE /* HUDLoadingOverlay.sks in Resources */ = {isa = PBXBuildFile; fileRef = B04747FA2121166800F46CFE /* HUDLoadingOverlay.sks */; };
		B04747FD212117E500F46CFE /* EndGameOverlay.sks in Resources */ = {isa = PBXBuildFile; fileRef = B04747FC212117E500F46CFE /* EndGameOverlay.sks */; };
		B0AE5403212311E40089547E /* LobbyOverlay.swift in Sources */ = {isa = PBXBuildFile; fileRef = B0AE5402212311E40089547E /* LobbyOverlay.swift */; };
/* End PBXBuildFile section */

/* Begin PBXFileReference section */
		6A314ABE2118758D008B6A97 /* CoreMotionService.swift */ = {isa = PBXFileReference; lastKnownFileType = sourcecode.swift; path = CoreMotionService.swift; sourceTree = "<group>"; };
		6A714CC22118929A00546FAA /* AnimationConstants.swift */ = {isa = PBXFileReference; lastKnownFileType = sourcecode.swift; path = AnimationConstants.swift; sourceTree = "<group>"; };
		6A8FD6B421186EA100F7260B /* GameConstants.swift */ = {isa = PBXFileReference; lastKnownFileType = sourcecode.swift; path = GameConstants.swift; sourceTree = "<group>"; };
		6A9656642114CAE800DEB22C /* Spaceship.swift */ = {isa = PBXFileReference; lastKnownFileType = sourcecode.swift; path = Spaceship.swift; sourceTree = "<group>"; };
		6A9D4A4A2114801200DCF691 /* SpacesheepStrike.app */ = {isa = PBXFileReference; explicitFileType = wrapper.application; includeInIndex = 0; path = SpacesheepStrike.app; sourceTree = BUILT_PRODUCTS_DIR; };
		6A9D4A4D2114801200DCF691 /* AppDelegate.swift */ = {isa = PBXFileReference; lastKnownFileType = sourcecode.swift; path = AppDelegate.swift; sourceTree = "<group>"; };
		6A9D4A4F2114801300DCF691 /* art.scnassets */ = {isa = PBXFileReference; lastKnownFileType = wrapper.scnassets; path = art.scnassets; sourceTree = "<group>"; };
		6A9D4A512114801300DCF691 /* GameViewController.swift */ = {isa = PBXFileReference; lastKnownFileType = sourcecode.swift; path = GameViewController.swift; sourceTree = "<group>"; };
		6A9D4A542114801300DCF691 /* Base */ = {isa = PBXFileReference; lastKnownFileType = file.storyboard; name = Base; path = Base.lproj/Main.storyboard; sourceTree = "<group>"; };
		6A9D4A562114801500DCF691 /* Assets.xcassets */ = {isa = PBXFileReference; lastKnownFileType = folder.assetcatalog; path = Assets.xcassets; sourceTree = "<group>"; };
		6A9D4A592114801500DCF691 /* Base */ = {isa = PBXFileReference; lastKnownFileType = file.storyboard; name = Base; path = Base.lproj/LaunchScreen.storyboard; sourceTree = "<group>"; };
		6A9D4A5B2114801500DCF691 /* Info.plist */ = {isa = PBXFileReference; lastKnownFileType = text.plist.xml; path = Info.plist; sourceTree = "<group>"; };
		6A9D4A612114808B00DCF691 /* GameScene.scn */ = {isa = PBXFileReference; lastKnownFileType = file.bplist; path = GameScene.scn; sourceTree = "<group>"; };
		6AB59E722119D2C900B0F4A9 /* QuaternionExtension.swift */ = {isa = PBXFileReference; lastKnownFileType = sourcecode.swift; path = QuaternionExtension.swift; sourceTree = "<group>"; };
		6AB6A313211C6A2900EAF823 /* BulletNode.swift */ = {isa = PBXFileReference; lastKnownFileType = sourcecode.swift; path = BulletNode.swift; sourceTree = "<group>"; };
		6AB6A315211C6CB200EAF823 /* CollisionConstants.swift */ = {isa = PBXFileReference; lastKnownFileType = sourcecode.swift; path = CollisionConstants.swift; sourceTree = "<group>"; };
		6AC0574C211B231A0043CE6E /* MultipeerConnectivityService.swift */ = {isa = PBXFileReference; fileEncoding = 4; lastKnownFileType = sourcecode.swift; name = MultipeerConnectivityService.swift; path = SpacesheepStrike/Services/MultipeerConnectivityService.swift; sourceTree = SOURCE_ROOT; };
		6AC0574D211B231A0043CE6E /* ScenarioService.swift */ = {isa = PBXFileReference; fileEncoding = 4; lastKnownFileType = sourcecode.swift; name = ScenarioService.swift; path = SpacesheepStrike/Services/ScenarioService.swift; sourceTree = SOURCE_ROOT; };
		6AC05750211B23270043CE6E /* ShipViewController.swift */ = {isa = PBXFileReference; fileEncoding = 4; lastKnownFileType = sourcecode.swift; path = ShipViewController.swift; sourceTree = "<group>"; };
		6AC05752211B23990043CE6E /* DoubleExtensions.swift */ = {isa = PBXFileReference; lastKnownFileType = sourcecode.swift; path = DoubleExtensions.swift; sourceTree = "<group>"; };
		B018F1BE21220FBD00AE086F /* StartScene.scn */ = {isa = PBXFileReference; lastKnownFileType = file.bplist; path = StartScene.scn; sourceTree = "<group>"; };
		B018F1C0212214D800AE086F /* StartScene.swift */ = {isa = PBXFileReference; lastKnownFileType = sourcecode.swift; path = StartScene.swift; sourceTree = "<group>"; };
		B018F1C221221DCF00AE086F /* SKCheckBoxButton.swift */ = {isa = PBXFileReference; lastKnownFileType = sourcecode.swift; path = SKCheckBoxButton.swift; sourceTree = "<group>"; };
		B018F1C42122241800AE086F /* BaseOverlay.swift */ = {isa = PBXFileReference; lastKnownFileType = sourcecode.swift; path = BaseOverlay.swift; sourceTree = "<group>"; };
		B018F1C62122277A00AE086F /* SKButton.swift */ = {isa = PBXFileReference; lastKnownFileType = sourcecode.swift; path = SKButton.swift; sourceTree = "<group>"; };
		B018F1C821226BBE00AE086F /* StartOverlay.swift */ = {isa = PBXFileReference; lastKnownFileType = sourcecode.swift; path = StartOverlay.swift; sourceTree = "<group>"; };
		B03D94C5211FDBAF0018A8EB /* StartOverlay.sks */ = {isa = PBXFileReference; lastKnownFileType = file.sks; path = StartOverlay.sks; sourceTree = "<group>"; };
		B03D94C92120B37F0018A8EB /* LobbyOverlay.sks */ = {isa = PBXFileReference; lastKnownFileType = file.sks; path = LobbyOverlay.sks; sourceTree = "<group>"; };
		B04747F8212115AE00F46CFE /* HUDOverlay.sks */ = {isa = PBXFileReference; lastKnownFileType = file.sks; path = HUDOverlay.sks; sourceTree = "<group>"; };
		B04747FA2121166800F46CFE /* HUDLoadingOverlay.sks */ = {isa = PBXFileReference; lastKnownFileType = file.sks; path = HUDLoadingOverlay.sks; sourceTree = "<group>"; };
		B04747FC212117E500F46CFE /* EndGameOverlay.sks */ = {isa = PBXFileReference; lastKnownFileType = file.sks; path = EndGameOverlay.sks; sourceTree = "<group>"; };
		B0AE5402212311E40089547E /* LobbyOverlay.swift */ = {isa = PBXFileReference; lastKnownFileType = sourcecode.swift; path = LobbyOverlay.swift; sourceTree = "<group>"; };
/* End PBXFileReference section */

/* Begin PBXFrameworksBuildPhase section */
		6A9D4A472114801200DCF691 /* Frameworks */ = {
			isa = PBXFrameworksBuildPhase;
			buildActionMask = 2147483647;
			files = (
			);
			runOnlyForDeploymentPostprocessing = 0;
		};
/* End PBXFrameworksBuildPhase section */

/* Begin PBXGroup section */
		6A314ABD2118756D008B6A97 /* Services */ = {
			isa = PBXGroup;
			children = (
				6AC0574C211B231A0043CE6E /* MultipeerConnectivityService.swift */,
				6AC0574D211B231A0043CE6E /* ScenarioService.swift */,
				6A314ABE2118758D008B6A97 /* CoreMotionService.swift */,
			);
			name = Services;
			path = "New Group";
			sourceTree = "<group>";
		};
		6A8FD6B321186E8B00F7260B /* Constants */ = {
			isa = PBXGroup;
			children = (
				6A8FD6B421186EA100F7260B /* GameConstants.swift */,
				6A714CC22118929A00546FAA /* AnimationConstants.swift */,
				6AB6A315211C6CB200EAF823 /* CollisionConstants.swift */,
			);
			path = Constants;
			sourceTree = "<group>";
		};
		6A8FD6B621186ECE00F7260B /* Utils */ = {
			isa = PBXGroup;
			children = (
				6AB59E712119D2A300B0F4A9 /* Extensions */,
				6A8FD6B321186E8B00F7260B /* Constants */,
			);
			path = Utils;
			sourceTree = "<group>";
		};
		6A9D4A412114801200DCF691 = {
			isa = PBXGroup;
			children = (
				6A9D4A4C2114801200DCF691 /* SpacesheepStrike */,
				6A9D4A4B2114801200DCF691 /* Products */,
			);
			sourceTree = "<group>";
		};
		6A9D4A4B2114801200DCF691 /* Products */ = {
			isa = PBXGroup;
			children = (
				6A9D4A4A2114801200DCF691 /* SpacesheepStrike.app */,
			);
			name = Products;
			sourceTree = "<group>";
		};
		6A9D4A4C2114801200DCF691 /* SpacesheepStrike */ = {
			isa = PBXGroup;
			children = (
				B018F1BC2121FE8700AE086F /* OverlaysScenes */,
				6A314ABD2118756D008B6A97 /* Services */,
				6A8FD6B621186ECE00F7260B /* Utils */,
				6A9D4A66211480C500DCF691 /* Controllers */,
				6A9D4A65211480BD00DCF691 /* Scenes */,
				6A9D4A632114809100DCF691 /* Enties */,
				6A9D4A4D2114801200DCF691 /* AppDelegate.swift */,
				6A9D4A4F2114801300DCF691 /* art.scnassets */,
				6A9D4A532114801300DCF691 /* Main.storyboard */,
				6A9D4A562114801500DCF691 /* Assets.xcassets */,
				6A9D4A582114801500DCF691 /* LaunchScreen.storyboard */,
				6A9D4A5B2114801500DCF691 /* Info.plist */,
			);
			path = SpacesheepStrike;
			sourceTree = "<group>";
		};
		6A9D4A632114809100DCF691 /* Enties */ = {
			isa = PBXGroup;
			children = (
				6A9656642114CAE800DEB22C /* Spaceship.swift */,
				6AB6A313211C6A2900EAF823 /* BulletNode.swift */,
			);
			path = Enties;
			sourceTree = "<group>";
		};
		6A9D4A65211480BD00DCF691 /* Scenes */ = {
			isa = PBXGroup;
			children = (
				B0AE5401212311690089547E /* Classes */,
				B0AE54002123113C0089547E /* SCNScenes */,
			);
			path = Scenes;
			sourceTree = "<group>";
		};
		6A9D4A66211480C500DCF691 /* Controllers */ = {
			isa = PBXGroup;
			children = (
				6AC05750211B23270043CE6E /* ShipViewController.swift */,
				6A9D4A512114801300DCF691 /* GameViewController.swift */,
			);
			path = Controllers;
			sourceTree = "<group>";
		};
		6AB59E712119D2A300B0F4A9 /* Extensions */ = {
			isa = PBXGroup;
			children = (
				6AB59E722119D2C900B0F4A9 /* QuaternionExtension.swift */,
				6AC05752211B23990043CE6E /* DoubleExtensions.swift */,
			);
			path = Extensions;
			sourceTree = "<group>";
		};
		B018F1BC2121FE8700AE086F /* OverlaysScenes */ = {
			isa = PBXGroup;
			children = (
				B0AE53FF212310F90089547E /* Classes */,
				B0AE53FE212310E70089547E /* SKScenes */,
				B018F1C221221DCF00AE086F /* SKCheckBoxButton.swift */,
				B018F1C62122277A00AE086F /* SKButton.swift */,
			);
			path = OverlaysScenes;
			sourceTree = "<group>";
		};
		B0AE53FE212310E70089547E /* SKScenes */ = {
			isa = PBXGroup;
			children = (
				B03D94C5211FDBAF0018A8EB /* StartOverlay.sks */,
				B03D94C92120B37F0018A8EB /* LobbyOverlay.sks */,
				B04747FA2121166800F46CFE /* HUDLoadingOverlay.sks */,
				B04747F8212115AE00F46CFE /* HUDOverlay.sks */,
				B04747FC212117E500F46CFE /* EndGameOverlay.sks */,
			);
			path = SKScenes;
			sourceTree = "<group>";
		};
		B0AE53FF212310F90089547E /* Classes */ = {
			isa = PBXGroup;
			children = (
				B018F1C42122241800AE086F /* BaseOverlay.swift */,
				B018F1C821226BBE00AE086F /* StartOverlay.swift */,
				B0AE5402212311E40089547E /* LobbyOverlay.swift */,
			);
			path = Classes;
			sourceTree = "<group>";
		};
		B0AE54002123113C0089547E /* SCNScenes */ = {
			isa = PBXGroup;
			children = (
				6A9D4A612114808B00DCF691 /* GameScene.scn */,
				B018F1BE21220FBD00AE086F /* StartScene.scn */,
			);
			path = SCNScenes;
			sourceTree = "<group>";
		};
		B0AE5401212311690089547E /* Classes */ = {
			isa = PBXGroup;
			children = (
				B018F1C0212214D800AE086F /* StartScene.swift */,
			);
			path = Classes;
			sourceTree = "<group>";
		};
/* End PBXGroup section */

/* Begin PBXNativeTarget section */
		6A9D4A492114801200DCF691 /* SpacesheepStrike */ = {
			isa = PBXNativeTarget;
			buildConfigurationList = 6A9D4A5E2114801600DCF691 /* Build configuration list for PBXNativeTarget "SpacesheepStrike" */;
			buildPhases = (
				6A9D4A462114801200DCF691 /* Sources */,
				6A9D4A472114801200DCF691 /* Frameworks */,
				6A9D4A482114801200DCF691 /* Resources */,
			);
			buildRules = (
			);
			dependencies = (
			);
			name = SpacesheepStrike;
			productName = SpacesheepStrike;
			productReference = 6A9D4A4A2114801200DCF691 /* SpacesheepStrike.app */;
			productType = "com.apple.product-type.application";
		};
/* End PBXNativeTarget section */

/* Begin PBXProject section */
		6A9D4A422114801200DCF691 /* Project object */ = {
			isa = PBXProject;
			attributes = {
				LastSwiftUpdateCheck = 1000;
				LastUpgradeCheck = 1000;
				ORGANIZATIONNAME = "Felipe Izepe";
				TargetAttributes = {
					6A9D4A492114801200DCF691 = {
						CreatedOnToolsVersion = 10.0;
					};
				};
			};
			buildConfigurationList = 6A9D4A452114801200DCF691 /* Build configuration list for PBXProject "SpacesheepStrike" */;
			compatibilityVersion = "Xcode 9.3";
			developmentRegion = en;
			hasScannedForEncodings = 0;
			knownRegions = (
				en,
				Base,
			);
			mainGroup = 6A9D4A412114801200DCF691;
			productRefGroup = 6A9D4A4B2114801200DCF691 /* Products */;
			projectDirPath = "";
			projectRoot = "";
			targets = (
				6A9D4A492114801200DCF691 /* SpacesheepStrike */,
			);
		};
/* End PBXProject section */

/* Begin PBXResourcesBuildPhase section */
		6A9D4A482114801200DCF691 /* Resources */ = {
			isa = PBXResourcesBuildPhase;
			buildActionMask = 2147483647;
			files = (
				B04747FD212117E500F46CFE /* EndGameOverlay.sks in Resources */,
				B04747F9212115AE00F46CFE /* HUDOverlay.sks in Resources */,
				6A9D4A502114801300DCF691 /* art.scnassets in Resources */,
				B04747FB2121166800F46CFE /* HUDLoadingOverlay.sks in Resources */,
				B03D94C6211FDBAF0018A8EB /* StartOverlay.sks in Resources */,
				6A9D4A5A2114801500DCF691 /* LaunchScreen.storyboard in Resources */,
				B018F1BF21220FBD00AE086F /* StartScene.scn in Resources */,
				6A9D4A572114801500DCF691 /* Assets.xcassets in Resources */,
				B03D94CA2120B37F0018A8EB /* LobbyOverlay.sks in Resources */,
				6A9D4A622114808B00DCF691 /* GameScene.scn in Resources */,
				6A9D4A552114801300DCF691 /* Main.storyboard in Resources */,
			);
			runOnlyForDeploymentPostprocessing = 0;
		};
/* End PBXResourcesBuildPhase section */

/* Begin PBXSourcesBuildPhase section */
		6A9D4A462114801200DCF691 /* Sources */ = {
			isa = PBXSourcesBuildPhase;
			buildActionMask = 2147483647;
			files = (
				6A714CC32118929A00546FAA /* AnimationConstants.swift in Sources */,
				B018F1C921226BBE00AE086F /* StartOverlay.swift in Sources */,
				B018F1C1212214D800AE086F /* StartScene.swift in Sources */,
				6AC0574F211B231A0043CE6E /* ScenarioService.swift in Sources */,
				6A9656652114CAE800DEB22C /* Spaceship.swift in Sources */,
				6A8FD6B521186EA100F7260B /* GameConstants.swift in Sources */,
				6A9D4A522114801300DCF691 /* GameViewController.swift in Sources */,
				6AB6A314211C6A2900EAF823 /* BulletNode.swift in Sources */,
				6AC0574E211B231A0043CE6E /* MultipeerConnectivityService.swift in Sources */,
				6AC05751211B23270043CE6E /* ShipViewController.swift in Sources */,
				B018F1C52122241800AE086F /* BaseOverlay.swift in Sources */,
				B018F1C72122277A00AE086F /* SKButton.swift in Sources */,
				B0AE5403212311E40089547E /* LobbyOverlay.swift in Sources */,
				B018F1C321221DCF00AE086F /* SKCheckBoxButton.swift in Sources */,
				6AB6A316211C6CB200EAF823 /* CollisionConstants.swift in Sources */,
				6A314ABF2118758D008B6A97 /* CoreMotionService.swift in Sources */,
				6A9D4A4E2114801200DCF691 /* AppDelegate.swift in Sources */,
				6AB59E732119D2C900B0F4A9 /* QuaternionExtension.swift in Sources */,
				6AC05753211B23990043CE6E /* DoubleExtensions.swift in Sources */,
			);
			runOnlyForDeploymentPostprocessing = 0;
		};
/* End PBXSourcesBuildPhase section */

/* Begin PBXVariantGroup section */
		6A9D4A532114801300DCF691 /* Main.storyboard */ = {
			isa = PBXVariantGroup;
			children = (
				6A9D4A542114801300DCF691 /* Base */,
			);
			name = Main.storyboard;
			sourceTree = "<group>";
		};
		6A9D4A582114801500DCF691 /* LaunchScreen.storyboard */ = {
			isa = PBXVariantGroup;
			children = (
				6A9D4A592114801500DCF691 /* Base */,
			);
			name = LaunchScreen.storyboard;
			sourceTree = "<group>";
		};
/* End PBXVariantGroup section */

/* Begin XCBuildConfiguration section */
		6A9D4A5C2114801500DCF691 /* Debug */ = {
			isa = XCBuildConfiguration;
			buildSettings = {
				ALWAYS_SEARCH_USER_PATHS = NO;
				CLANG_ANALYZER_NONNULL = YES;
				CLANG_ANALYZER_NUMBER_OBJECT_CONVERSION = YES_AGGRESSIVE;
				CLANG_CXX_LANGUAGE_STANDARD = "gnu++14";
				CLANG_CXX_LIBRARY = "libc++";
				CLANG_ENABLE_MODULES = YES;
				CLANG_ENABLE_OBJC_ARC = YES;
				CLANG_ENABLE_OBJC_WEAK = YES;
				CLANG_WARN_BLOCK_CAPTURE_AUTORELEASING = YES;
				CLANG_WARN_BOOL_CONVERSION = YES;
				CLANG_WARN_COMMA = YES;
				CLANG_WARN_CONSTANT_CONVERSION = YES;
				CLANG_WARN_DEPRECATED_OBJC_IMPLEMENTATIONS = YES;
				CLANG_WARN_DIRECT_OBJC_ISA_USAGE = YES_ERROR;
				CLANG_WARN_DOCUMENTATION_COMMENTS = YES;
				CLANG_WARN_EMPTY_BODY = YES;
				CLANG_WARN_ENUM_CONVERSION = YES;
				CLANG_WARN_INFINITE_RECURSION = YES;
				CLANG_WARN_INT_CONVERSION = YES;
				CLANG_WARN_NON_LITERAL_NULL_CONVERSION = YES;
				CLANG_WARN_OBJC_IMPLICIT_RETAIN_SELF = YES;
				CLANG_WARN_OBJC_LITERAL_CONVERSION = YES;
				CLANG_WARN_OBJC_ROOT_CLASS = YES_ERROR;
				CLANG_WARN_RANGE_LOOP_ANALYSIS = YES;
				CLANG_WARN_STRICT_PROTOTYPES = YES;
				CLANG_WARN_SUSPICIOUS_MOVE = YES;
				CLANG_WARN_UNGUARDED_AVAILABILITY = YES_AGGRESSIVE;
				CLANG_WARN_UNREACHABLE_CODE = YES;
				CLANG_WARN__DUPLICATE_METHOD_MATCH = YES;
				CODE_SIGN_IDENTITY = "iPhone Developer";
				COPY_PHASE_STRIP = NO;
				DEBUG_INFORMATION_FORMAT = dwarf;
				ENABLE_STRICT_OBJC_MSGSEND = YES;
				ENABLE_TESTABILITY = YES;
				GCC_C_LANGUAGE_STANDARD = gnu11;
				GCC_DYNAMIC_NO_PIC = NO;
				GCC_NO_COMMON_BLOCKS = YES;
				GCC_OPTIMIZATION_LEVEL = 0;
				GCC_PREPROCESSOR_DEFINITIONS = (
					"DEBUG=1",
					"$(inherited)",
				);
				GCC_WARN_64_TO_32_BIT_CONVERSION = YES;
				GCC_WARN_ABOUT_RETURN_TYPE = YES_ERROR;
				GCC_WARN_UNDECLARED_SELECTOR = YES;
				GCC_WARN_UNINITIALIZED_AUTOS = YES_AGGRESSIVE;
				GCC_WARN_UNUSED_FUNCTION = YES;
				GCC_WARN_UNUSED_VARIABLE = YES;
				IPHONEOS_DEPLOYMENT_TARGET = 11.4;
				MTL_ENABLE_DEBUG_INFO = INCLUDE_SOURCE;
				MTL_FAST_MATH = YES;
				ONLY_ACTIVE_ARCH = YES;
				SDKROOT = iphoneos;
				SWIFT_ACTIVE_COMPILATION_CONDITIONS = DEBUG;
				SWIFT_OPTIMIZATION_LEVEL = "-Onone";
			};
			name = Debug;
		};
		6A9D4A5D2114801500DCF691 /* Release */ = {
			isa = XCBuildConfiguration;
			buildSettings = {
				ALWAYS_SEARCH_USER_PATHS = NO;
				CLANG_ANALYZER_NONNULL = YES;
				CLANG_ANALYZER_NUMBER_OBJECT_CONVERSION = YES_AGGRESSIVE;
				CLANG_CXX_LANGUAGE_STANDARD = "gnu++14";
				CLANG_CXX_LIBRARY = "libc++";
				CLANG_ENABLE_MODULES = YES;
				CLANG_ENABLE_OBJC_ARC = YES;
				CLANG_ENABLE_OBJC_WEAK = YES;
				CLANG_WARN_BLOCK_CAPTURE_AUTORELEASING = YES;
				CLANG_WARN_BOOL_CONVERSION = YES;
				CLANG_WARN_COMMA = YES;
				CLANG_WARN_CONSTANT_CONVERSION = YES;
				CLANG_WARN_DEPRECATED_OBJC_IMPLEMENTATIONS = YES;
				CLANG_WARN_DIRECT_OBJC_ISA_USAGE = YES_ERROR;
				CLANG_WARN_DOCUMENTATION_COMMENTS = YES;
				CLANG_WARN_EMPTY_BODY = YES;
				CLANG_WARN_ENUM_CONVERSION = YES;
				CLANG_WARN_INFINITE_RECURSION = YES;
				CLANG_WARN_INT_CONVERSION = YES;
				CLANG_WARN_NON_LITERAL_NULL_CONVERSION = YES;
				CLANG_WARN_OBJC_IMPLICIT_RETAIN_SELF = YES;
				CLANG_WARN_OBJC_LITERAL_CONVERSION = YES;
				CLANG_WARN_OBJC_ROOT_CLASS = YES_ERROR;
				CLANG_WARN_RANGE_LOOP_ANALYSIS = YES;
				CLANG_WARN_STRICT_PROTOTYPES = YES;
				CLANG_WARN_SUSPICIOUS_MOVE = YES;
				CLANG_WARN_UNGUARDED_AVAILABILITY = YES_AGGRESSIVE;
				CLANG_WARN_UNREACHABLE_CODE = YES;
				CLANG_WARN__DUPLICATE_METHOD_MATCH = YES;
				CODE_SIGN_IDENTITY = "iPhone Developer";
				COPY_PHASE_STRIP = NO;
				DEBUG_INFORMATION_FORMAT = "dwarf-with-dsym";
				ENABLE_NS_ASSERTIONS = NO;
				ENABLE_STRICT_OBJC_MSGSEND = YES;
				GCC_C_LANGUAGE_STANDARD = gnu11;
				GCC_NO_COMMON_BLOCKS = YES;
				GCC_WARN_64_TO_32_BIT_CONVERSION = YES;
				GCC_WARN_ABOUT_RETURN_TYPE = YES_ERROR;
				GCC_WARN_UNDECLARED_SELECTOR = YES;
				GCC_WARN_UNINITIALIZED_AUTOS = YES_AGGRESSIVE;
				GCC_WARN_UNUSED_FUNCTION = YES;
				GCC_WARN_UNUSED_VARIABLE = YES;
				IPHONEOS_DEPLOYMENT_TARGET = 11.4;
				MTL_ENABLE_DEBUG_INFO = NO;
				MTL_FAST_MATH = YES;
				SDKROOT = iphoneos;
				SWIFT_COMPILATION_MODE = wholemodule;
				SWIFT_OPTIMIZATION_LEVEL = "-O";
				VALIDATE_PRODUCT = YES;
			};
			name = Release;
		};
		6A9D4A5F2114801600DCF691 /* Debug */ = {
			isa = XCBuildConfiguration;
			buildSettings = {
				ASSETCATALOG_COMPILER_APPICON_NAME = AppIcon;
				CODE_SIGN_STYLE = Automatic;
				DEVELOPMENT_TEAM = D6FBY3CTDY;
				INFOPLIST_FILE = SpacesheepStrike/Info.plist;
				LD_RUNPATH_SEARCH_PATHS = (
					"$(inherited)",
					"@executable_path/Frameworks",
				);
				PRODUCT_BUNDLE_IDENTIFIER = testIOS.SpacesheepStrike;
				PRODUCT_NAME = "$(TARGET_NAME)";
				SWIFT_VERSION = 4.2;
				TARGETED_DEVICE_FAMILY = "1,2";
			};
			name = Debug;
		};
		6A9D4A602114801600DCF691 /* Release */ = {
			isa = XCBuildConfiguration;
			buildSettings = {
				ASSETCATALOG_COMPILER_APPICON_NAME = AppIcon;
				CODE_SIGN_STYLE = Automatic;
				DEVELOPMENT_TEAM = D6FBY3CTDY;
				INFOPLIST_FILE = SpacesheepStrike/Info.plist;
				LD_RUNPATH_SEARCH_PATHS = (
					"$(inherited)",
					"@executable_path/Frameworks",
				);
				PRODUCT_BUNDLE_IDENTIFIER = testIOS.SpacesheepStrike;
				PRODUCT_NAME = "$(TARGET_NAME)";
				SWIFT_VERSION = 4.2;
				TARGETED_DEVICE_FAMILY = "1,2";
			};
			name = Release;
		};
/* End XCBuildConfiguration section */

/* Begin XCConfigurationList section */
		6A9D4A452114801200DCF691 /* Build configuration list for PBXProject "SpacesheepStrike" */ = {
			isa = XCConfigurationList;
			buildConfigurations = (
				6A9D4A5C2114801500DCF691 /* Debug */,
				6A9D4A5D2114801500DCF691 /* Release */,
			);
			defaultConfigurationIsVisible = 0;
			defaultConfigurationName = Release;
		};
		6A9D4A5E2114801600DCF691 /* Build configuration list for PBXNativeTarget "SpacesheepStrike" */ = {
			isa = XCConfigurationList;
			buildConfigurations = (
				6A9D4A5F2114801600DCF691 /* Debug */,
				6A9D4A602114801600DCF691 /* Release */,
			);
			defaultConfigurationIsVisible = 0;
			defaultConfigurationName = Release;
		};
/* End XCConfigurationList section */
	};
	rootObject = 6A9D4A422114801200DCF691 /* Project object */;
}
